
Microsoft Visual Studio Solution File, Format Version 12.00
# Visual Studio Version 17
VisualStudioVersion = 17.9.34616.47
MinimumVisualStudioVersion = 10.0.40219.1
Project("{FAE04EC0-301F-11D3-BF4B-00C04F79EFBC}") = "RecipePart1", "RecipePart1\RecipePart1.csproj", "{3DDF6CAD-1A19-47E4-B422-1FA087D6901C}"
EndProject
Global
	GlobalSection(SolutionConfigurationPlatforms) = preSolution
		Debug|Any CPU = Debug|Any CPU
		Release|Any CPU = Release|Any CPU
	EndGlobalSection
	GlobalSection(ProjectConfigurationPlatforms) = postSolution
		{3DDF6CAD-1A19-47E4-B422-1FA087D6901C}.Debug|Any CPU.ActiveCfg = Debug|Any CPU
		{3DDF6CAD-1A19-47E4-B422-1FA087D6901C}.Debug|Any CPU.Build.0 = Debug|Any CPU
		{3DDF6CAD-1A19-47E4-B422-1FA087D6901C}.Release|Any CPU.ActiveCfg = Release|Any CPU
		{3DDF6CAD-1A19-47E4-B422-1FA087D6901C}.Release|Any CPU.Build.0 = Release|Any CPU
	EndGlobalSection
	GlobalSection(SolutionProperties) = preSolution
		HideSolutionNode = FALSE
	EndGlobalSection
	GlobalSection(ExtensibilityGlobals) = postSolution
		SolutionGuid = {CEF0798C-A37E-4D6A-906D-1DFC4BC05607}
	EndGlobalSection
EndGlobal
